// !$*UTF8*$!
{
	archiveVersion = 1;
	classes = {
	};
	objectVersion = 46;
	objects = {

/* Begin PBXBuildFile section */
		3F4EF9A11EC4EBB9000B507A /* LoadingOverlay.swift in Sources */ = {isa = PBXBuildFile; fileRef = 3F4EF9A01EC4EBB9000B507A /* LoadingOverlay.swift */; };
		3F4EF9A31EC4EC40000B507A /* ViewControllerExtensions.swift in Sources */ = {isa = PBXBuildFile; fileRef = 3F4EF9A21EC4EC40000B507A /* ViewControllerExtensions.swift */; };
		424BC3E31EC48CCE00DFCD88 /* AppDelegate.swift in Sources */ = {isa = PBXBuildFile; fileRef = 424BC3E21EC48CCE00DFCD88 /* AppDelegate.swift */; };
		424BC3E51EC48CCE00DFCD88 /* ViewController.swift in Sources */ = {isa = PBXBuildFile; fileRef = 424BC3E41EC48CCE00DFCD88 /* ViewController.swift */; };
		424BC3E81EC48CCE00DFCD88 /* Main.storyboard in Resources */ = {isa = PBXBuildFile; fileRef = 424BC3E61EC48CCE00DFCD88 /* Main.storyboard */; };
		424BC3EA1EC48CCE00DFCD88 /* Assets.xcassets in Resources */ = {isa = PBXBuildFile; fileRef = 424BC3E91EC48CCE00DFCD88 /* Assets.xcassets */; };
		424BC3ED1EC48CCE00DFCD88 /* LaunchScreen.storyboard in Resources */ = {isa = PBXBuildFile; fileRef = 424BC3EB1EC48CCE00DFCD88 /* LaunchScreen.storyboard */; };
		424BC3F81EC48CCF00DFCD88 /* WeatherExerciseTests.swift in Sources */ = {isa = PBXBuildFile; fileRef = 424BC3F71EC48CCF00DFCD88 /* WeatherExerciseTests.swift */; };
		424BC4051EC48D6000DFCD88 /* APIDataManager.swift in Sources */ = {isa = PBXBuildFile; fileRef = 424BC4041EC48D6000DFCD88 /* APIDataManager.swift */; };
		424BC4081EC48DB900DFCD88 /* LocationModel.swift in Sources */ = {isa = PBXBuildFile; fileRef = 424BC4071EC48DB900DFCD88 /* LocationModel.swift */; };
		424BC40A1EC48E3200DFCD88 /* TodayWeatherModel.swift in Sources */ = {isa = PBXBuildFile; fileRef = 424BC4091EC48E3200DFCD88 /* TodayWeatherModel.swift */; };
		424BC40F1EC4ACF100DFCD88 /* HomeTableViewController.swift in Sources */ = {isa = PBXBuildFile; fileRef = 424BC40E1EC4ACF100DFCD88 /* HomeTableViewController.swift */; };
		424BC4111EC4AEB500DFCD88 /* HomePresenter.swift in Sources */ = {isa = PBXBuildFile; fileRef = 424BC4101EC4AEB500DFCD88 /* HomePresenter.swift */; };
		424BC4141EC4AF1500DFCD88 /* BaseModels.swift in Sources */ = {isa = PBXBuildFile; fileRef = 424BC4131EC4AF1500DFCD88 /* BaseModels.swift */; };
		424BC4171EC4B4BD00DFCD88 /* SharedPreferencesStorageManager.swift in Sources */ = {isa = PBXBuildFile; fileRef = 424BC4161EC4B4BD00DFCD88 /* SharedPreferencesStorageManager.swift */; };
/* End PBXBuildFile section */

/* Begin PBXContainerItemProxy section */
		424BC3F41EC48CCF00DFCD88 /* PBXContainerItemProxy */ = {
			isa = PBXContainerItemProxy;
			containerPortal = 424BC3D71EC48CCE00DFCD88 /* Project object */;
			proxyType = 1;
			remoteGlobalIDString = 424BC3DE1EC48CCE00DFCD88;
			remoteInfo = WeatherExercise;
		};
/* End PBXContainerItemProxy section */

/* Begin PBXFileReference section */
		3F4EF9A01EC4EBB9000B507A /* LoadingOverlay.swift */ = {isa = PBXFileReference; fileEncoding = 4; lastKnownFileType = sourcecode.swift; path = LoadingOverlay.swift; sourceTree = "<group>"; };
		3F4EF9A21EC4EC40000B507A /* ViewControllerExtensions.swift */ = {isa = PBXFileReference; fileEncoding = 4; lastKnownFileType = sourcecode.swift; path = ViewControllerExtensions.swift; sourceTree = "<group>"; };
		424BC3DF1EC48CCE00DFCD88 /* WeatherExercise.app */ = {isa = PBXFileReference; explicitFileType = wrapper.application; includeInIndex = 0; path = WeatherExercise.app; sourceTree = BUILT_PRODUCTS_DIR; };
		424BC3E21EC48CCE00DFCD88 /* AppDelegate.swift */ = {isa = PBXFileReference; lastKnownFileType = sourcecode.swift; path = AppDelegate.swift; sourceTree = "<group>"; };
		424BC3E41EC48CCE00DFCD88 /* ViewController.swift */ = {isa = PBXFileReference; lastKnownFileType = sourcecode.swift; path = ViewController.swift; sourceTree = "<group>"; };
		424BC3E71EC48CCE00DFCD88 /* Base */ = {isa = PBXFileReference; lastKnownFileType = file.storyboard; name = Base; path = Base.lproj/Main.storyboard; sourceTree = "<group>"; };
		424BC3E91EC48CCE00DFCD88 /* Assets.xcassets */ = {isa = PBXFileReference; lastKnownFileType = folder.assetcatalog; path = Assets.xcassets; sourceTree = "<group>"; };
		424BC3EC1EC48CCE00DFCD88 /* Base */ = {isa = PBXFileReference; lastKnownFileType = file.storyboard; name = Base; path = Base.lproj/LaunchScreen.storyboard; sourceTree = "<group>"; };
		424BC3EE1EC48CCE00DFCD88 /* Info.plist */ = {isa = PBXFileReference; lastKnownFileType = text.plist.xml; path = Info.plist; sourceTree = "<group>"; };
		424BC3F31EC48CCF00DFCD88 /* WeatherExerciseTests.xctest */ = {isa = PBXFileReference; explicitFileType = wrapper.cfbundle; includeInIndex = 0; path = WeatherExerciseTests.xctest; sourceTree = BUILT_PRODUCTS_DIR; };
		424BC3F71EC48CCF00DFCD88 /* WeatherExerciseTests.swift */ = {isa = PBXFileReference; lastKnownFileType = sourcecode.swift; path = WeatherExerciseTests.swift; sourceTree = "<group>"; };
		424BC3F91EC48CCF00DFCD88 /* Info.plist */ = {isa = PBXFileReference; lastKnownFileType = text.plist.xml; path = Info.plist; sourceTree = "<group>"; };
		424BC4041EC48D6000DFCD88 /* APIDataManager.swift */ = {isa = PBXFileReference; fileEncoding = 4; lastKnownFileType = sourcecode.swift; path = APIDataManager.swift; sourceTree = "<group>"; };
		424BC4071EC48DB900DFCD88 /* LocationModel.swift */ = {isa = PBXFileReference; fileEncoding = 4; lastKnownFileType = sourcecode.swift; path = LocationModel.swift; sourceTree = "<group>"; };
		424BC4091EC48E3200DFCD88 /* TodayWeatherModel.swift */ = {isa = PBXFileReference; fileEncoding = 4; lastKnownFileType = sourcecode.swift; path = TodayWeatherModel.swift; sourceTree = "<group>"; };
		424BC40E1EC4ACF100DFCD88 /* HomeTableViewController.swift */ = {isa = PBXFileReference; fileEncoding = 4; lastKnownFileType = sourcecode.swift; path = HomeTableViewController.swift; sourceTree = "<group>"; };
		424BC4101EC4AEB500DFCD88 /* HomePresenter.swift */ = {isa = PBXFileReference; fileEncoding = 4; lastKnownFileType = sourcecode.swift; path = HomePresenter.swift; sourceTree = "<group>"; };
		424BC4131EC4AF1500DFCD88 /* BaseModels.swift */ = {isa = PBXFileReference; fileEncoding = 4; lastKnownFileType = sourcecode.swift; path = BaseModels.swift; sourceTree = "<group>"; };
		424BC4161EC4B4BD00DFCD88 /* SharedPreferencesStorageManager.swift */ = {isa = PBXFileReference; fileEncoding = 4; lastKnownFileType = sourcecode.swift; path = SharedPreferencesStorageManager.swift; sourceTree = "<group>"; };
/* End PBXFileReference section */

/* Begin PBXFrameworksBuildPhase section */
		424BC3DC1EC48CCE00DFCD88 /* Frameworks */ = {
			isa = PBXFrameworksBuildPhase;
			buildActionMask = 2147483647;
			files = (
			);
			runOnlyForDeploymentPostprocessing = 0;
		};
		424BC3F01EC48CCF00DFCD88 /* Frameworks */ = {
			isa = PBXFrameworksBuildPhase;
			buildActionMask = 2147483647;
			files = (
			);
			runOnlyForDeploymentPostprocessing = 0;
		};
/* End PBXFrameworksBuildPhase section */

/* Begin PBXGroup section */
		3F4EF99F1EC4EB89000B507A /* LoadingIndicator */ = {
			isa = PBXGroup;
			children = (
				3F4EF9A01EC4EBB9000B507A /* LoadingOverlay.swift */,
				3F4EF9A21EC4EC40000B507A /* ViewControllerExtensions.swift */,
			);
			path = LoadingIndicator;
			sourceTree = "<group>";
		};
		424BC3D61EC48CCE00DFCD88 = {
			isa = PBXGroup;
			children = (
				424BC3E11EC48CCE00DFCD88 /* WeatherExercise */,
				424BC3F61EC48CCF00DFCD88 /* WeatherExerciseTests */,
				424BC3E01EC48CCE00DFCD88 /* Products */,
			);
			sourceTree = "<group>";
		};
		424BC3E01EC48CCE00DFCD88 /* Products */ = {
			isa = PBXGroup;
			children = (
				424BC3DF1EC48CCE00DFCD88 /* WeatherExercise.app */,
				424BC3F31EC48CCF00DFCD88 /* WeatherExerciseTests.xctest */,
			);
			name = Products;
			sourceTree = "<group>";
		};
		424BC3E11EC48CCE00DFCD88 /* WeatherExercise */ = {
			isa = PBXGroup;
			children = (
				424BC40B1EC4A74100DFCD88 /* Presentation */,
				424BC4021EC48D0E00DFCD88 /* Data */,
				424BC3E21EC48CCE00DFCD88 /* AppDelegate.swift */,
				424BC3E41EC48CCE00DFCD88 /* ViewController.swift */,
				424BC3E61EC48CCE00DFCD88 /* Main.storyboard */,
				424BC3E91EC48CCE00DFCD88 /* Assets.xcassets */,
				424BC3EB1EC48CCE00DFCD88 /* LaunchScreen.storyboard */,
				424BC3EE1EC48CCE00DFCD88 /* Info.plist */,
			);
			path = WeatherExercise;
			sourceTree = "<group>";
		};
		424BC3F61EC48CCF00DFCD88 /* WeatherExerciseTests */ = {
			isa = PBXGroup;
			children = (
				424BC3F71EC48CCF00DFCD88 /* WeatherExerciseTests.swift */,
				424BC3F91EC48CCF00DFCD88 /* Info.plist */,
			);
			path = WeatherExerciseTests;
			sourceTree = "<group>";
		};
		424BC4021EC48D0E00DFCD88 /* Data */ = {
			isa = PBXGroup;
			children = (
				424BC4151EC4B48A00DFCD88 /* Storage */,
				424BC4061EC48D8E00DFCD88 /* Models */,
				424BC4031EC48D4600DFCD88 /* API */,
			);
			path = Data;
			sourceTree = "<group>";
		};
		424BC4031EC48D4600DFCD88 /* API */ = {
			isa = PBXGroup;
			children = (
				424BC4041EC48D6000DFCD88 /* APIDataManager.swift */,
			);
			path = API;
			sourceTree = "<group>";
		};
		424BC4061EC48D8E00DFCD88 /* Models */ = {
			isa = PBXGroup;
			children = (
				424BC4071EC48DB900DFCD88 /* LocationModel.swift */,
				424BC4091EC48E3200DFCD88 /* TodayWeatherModel.swift */,
			);
			path = Models;
			sourceTree = "<group>";
		};
		424BC40B1EC4A74100DFCD88 /* Presentation */ = {
			isa = PBXGroup;
			children = (
				424BC4121EC4AEF900DFCD88 /* Common */,
				424BC40D1EC4AAA500DFCD88 /* Map */,
				424BC40C1EC4AA9200DFCD88 /* Home */,
			);
			path = Presentation;
			sourceTree = "<group>";
		};
		424BC40C1EC4AA9200DFCD88 /* Home */ = {
			isa = PBXGroup;
			children = (
				424BC40E1EC4ACF100DFCD88 /* HomeTableViewController.swift */,
				424BC4101EC4AEB500DFCD88 /* HomePresenter.swift */,
			);
			path = Home;
			sourceTree = "<group>";
		};
		424BC40D1EC4AAA500DFCD88 /* Map */ = {
			isa = PBXGroup;
			children = (
			);
			path = Map;
			sourceTree = "<group>";
		};
		424BC4121EC4AEF900DFCD88 /* Common */ = {
			isa = PBXGroup;
			children = (
				3F4EF99F1EC4EB89000B507A /* LoadingIndicator */,
				424BC4131EC4AF1500DFCD88 /* BaseModels.swift */,
			);
			path = Common;
			sourceTree = "<group>";
		};
		424BC4151EC4B48A00DFCD88 /* Storage */ = {
			isa = PBXGroup;
			children = (
				424BC4161EC4B4BD00DFCD88 /* SharedPreferencesStorageManager.swift */,
			);
			path = Storage;
			sourceTree = "<group>";
		};
/* End PBXGroup section */

/* Begin PBXNativeTarget section */
		424BC3DE1EC48CCE00DFCD88 /* WeatherExercise */ = {
			isa = PBXNativeTarget;
			buildConfigurationList = 424BC3FC1EC48CCF00DFCD88 /* Build configuration list for PBXNativeTarget "WeatherExercise" */;
			buildPhases = (
				424BC3DB1EC48CCE00DFCD88 /* Sources */,
				424BC3DC1EC48CCE00DFCD88 /* Frameworks */,
				424BC3DD1EC48CCE00DFCD88 /* Resources */,
			);
			buildRules = (
			);
			dependencies = (
			);
			name = WeatherExercise;
			productName = WeatherExercise;
			productReference = 424BC3DF1EC48CCE00DFCD88 /* WeatherExercise.app */;
			productType = "com.apple.product-type.application";
		};
		424BC3F21EC48CCF00DFCD88 /* WeatherExerciseTests */ = {
			isa = PBXNativeTarget;
			buildConfigurationList = 424BC3FF1EC48CCF00DFCD88 /* Build configuration list for PBXNativeTarget "WeatherExerciseTests" */;
			buildPhases = (
				424BC3EF1EC48CCF00DFCD88 /* Sources */,
				424BC3F01EC48CCF00DFCD88 /* Frameworks */,
				424BC3F11EC48CCF00DFCD88 /* Resources */,
			);
			buildRules = (
			);
			dependencies = (
				424BC3F51EC48CCF00DFCD88 /* PBXTargetDependency */,
			);
			name = WeatherExerciseTests;
			productName = WeatherExerciseTests;
			productReference = 424BC3F31EC48CCF00DFCD88 /* WeatherExerciseTests.xctest */;
			productType = "com.apple.product-type.bundle.unit-test";
		};
/* End PBXNativeTarget section */

/* Begin PBXProject section */
		424BC3D71EC48CCE00DFCD88 /* Project object */ = {
			isa = PBXProject;
			attributes = {
				LastSwiftUpdateCheck = 0830;
				LastUpgradeCheck = 0830;
				ORGANIZATIONNAME = BringGlobal;
				TargetAttributes = {
					424BC3DE1EC48CCE00DFCD88 = {
						CreatedOnToolsVersion = 8.3.2;
						ProvisioningStyle = Manual;
					};
					424BC3F21EC48CCF00DFCD88 = {
						CreatedOnToolsVersion = 8.3.2;
						ProvisioningStyle = Automatic;
						TestTargetID = 424BC3DE1EC48CCE00DFCD88;
					};
				};
			};
			buildConfigurationList = 424BC3DA1EC48CCE00DFCD88 /* Build configuration list for PBXProject "WeatherExercise" */;
			compatibilityVersion = "Xcode 3.2";
			developmentRegion = English;
			hasScannedForEncodings = 0;
			knownRegions = (
				en,
				Base,
			);
			mainGroup = 424BC3D61EC48CCE00DFCD88;
			productRefGroup = 424BC3E01EC48CCE00DFCD88 /* Products */;
			projectDirPath = "";
			projectRoot = "";
			targets = (
				424BC3DE1EC48CCE00DFCD88 /* WeatherExercise */,
				424BC3F21EC48CCF00DFCD88 /* WeatherExerciseTests */,
			);
		};
/* End PBXProject section */

/* Begin PBXResourcesBuildPhase section */
		424BC3DD1EC48CCE00DFCD88 /* Resources */ = {
			isa = PBXResourcesBuildPhase;
			buildActionMask = 2147483647;
			files = (
				424BC3ED1EC48CCE00DFCD88 /* LaunchScreen.storyboard in Resources */,
				424BC3EA1EC48CCE00DFCD88 /* Assets.xcassets in Resources */,
				424BC3E81EC48CCE00DFCD88 /* Main.storyboard in Resources */,
			);
			runOnlyForDeploymentPostprocessing = 0;
		};
		424BC3F11EC48CCF00DFCD88 /* Resources */ = {
			isa = PBXResourcesBuildPhase;
			buildActionMask = 2147483647;
			files = (
			);
			runOnlyForDeploymentPostprocessing = 0;
		};
/* End PBXResourcesBuildPhase section */

/* Begin PBXSourcesBuildPhase section */
		424BC3DB1EC48CCE00DFCD88 /* Sources */ = {
			isa = PBXSourcesBuildPhase;
			buildActionMask = 2147483647;
			files = (
				424BC4111EC4AEB500DFCD88 /* HomePresenter.swift in Sources */,
				424BC40F1EC4ACF100DFCD88 /* HomeTableViewController.swift in Sources */,
				3F4EF9A31EC4EC40000B507A /* ViewControllerExtensions.swift in Sources */,
				424BC4141EC4AF1500DFCD88 /* BaseModels.swift in Sources */,
				3F4EF9A11EC4EBB9000B507A /* LoadingOverlay.swift in Sources */,
				424BC4081EC48DB900DFCD88 /* LocationModel.swift in Sources */,
				424BC40A1EC48E3200DFCD88 /* TodayWeatherModel.swift in Sources */,
				424BC3E51EC48CCE00DFCD88 /* ViewController.swift in Sources */,
				424BC4171EC4B4BD00DFCD88 /* SharedPreferencesStorageManager.swift in Sources */,
				424BC4051EC48D6000DFCD88 /* APIDataManager.swift in Sources */,
				424BC3E31EC48CCE00DFCD88 /* AppDelegate.swift in Sources */,
			);
			runOnlyForDeploymentPostprocessing = 0;
		};
		424BC3EF1EC48CCF00DFCD88 /* Sources */ = {
			isa = PBXSourcesBuildPhase;
			buildActionMask = 2147483647;
			files = (
				424BC3F81EC48CCF00DFCD88 /* WeatherExerciseTests.swift in Sources */,
			);
			runOnlyForDeploymentPostprocessing = 0;
		};
/* End PBXSourcesBuildPhase section */

/* Begin PBXTargetDependency section */
		424BC3F51EC48CCF00DFCD88 /* PBXTargetDependency */ = {
			isa = PBXTargetDependency;
			target = 424BC3DE1EC48CCE00DFCD88 /* WeatherExercise */;
			targetProxy = 424BC3F41EC48CCF00DFCD88 /* PBXContainerItemProxy */;
		};
/* End PBXTargetDependency section */

/* Begin PBXVariantGroup section */
		424BC3E61EC48CCE00DFCD88 /* Main.storyboard */ = {
			isa = PBXVariantGroup;
			children = (
				424BC3E71EC48CCE00DFCD88 /* Base */,
			);
			name = Main.storyboard;
			sourceTree = "<group>";
		};
		424BC3EB1EC48CCE00DFCD88 /* LaunchScreen.storyboard */ = {
			isa = PBXVariantGroup;
			children = (
				424BC3EC1EC48CCE00DFCD88 /* Base */,
			);
			name = LaunchScreen.storyboard;
			sourceTree = "<group>";
		};
/* End PBXVariantGroup section */

/* Begin XCBuildConfiguration section */
		424BC3FA1EC48CCF00DFCD88 /* Debug */ = {
			isa = XCBuildConfiguration;
			buildSettings = {
				ALWAYS_SEARCH_USER_PATHS = NO;
				CLANG_ANALYZER_NONNULL = YES;
				CLANG_ANALYZER_NUMBER_OBJECT_CONVERSION = YES_AGGRESSIVE;
				CLANG_CXX_LANGUAGE_STANDARD = "gnu++0x";
				CLANG_CXX_LIBRARY = "libc++";
				CLANG_ENABLE_MODULES = YES;
				CLANG_ENABLE_OBJC_ARC = YES;
				CLANG_WARN_BOOL_CONVERSION = YES;
				CLANG_WARN_CONSTANT_CONVERSION = YES;
				CLANG_WARN_DIRECT_OBJC_ISA_USAGE = YES_ERROR;
				CLANG_WARN_DOCUMENTATION_COMMENTS = YES;
				CLANG_WARN_EMPTY_BODY = YES;
				CLANG_WARN_ENUM_CONVERSION = YES;
				CLANG_WARN_INFINITE_RECURSION = YES;
				CLANG_WARN_INT_CONVERSION = YES;
				CLANG_WARN_OBJC_ROOT_CLASS = YES_ERROR;
				CLANG_WARN_SUSPICIOUS_MOVE = YES;
				CLANG_WARN_UNREACHABLE_CODE = YES;
				CLANG_WARN__DUPLICATE_METHOD_MATCH = YES;
				"CODE_SIGN_IDENTITY[sdk=iphoneos*]" = "iPhone Developer";
				COPY_PHASE_STRIP = NO;
				DEBUG_INFORMATION_FORMAT = dwarf;
				ENABLE_STRICT_OBJC_MSGSEND = YES;
				ENABLE_TESTABILITY = YES;
				GCC_C_LANGUAGE_STANDARD = gnu99;
				GCC_DYNAMIC_NO_PIC = NO;
				GCC_NO_COMMON_BLOCKS = YES;
				GCC_OPTIMIZATION_LEVEL = 0;
				GCC_PREPROCESSOR_DEFINITIONS = (
					"DEBUG=1",
					"$(inherited)",
				);
				GCC_WARN_64_TO_32_BIT_CONVERSION = YES;
				GCC_WARN_ABOUT_RETURN_TYPE = YES_ERROR;
				GCC_WARN_UNDECLARED_SELECTOR = YES;
				GCC_WARN_UNINITIALIZED_AUTOS = YES_AGGRESSIVE;
				GCC_WARN_UNUSED_FUNCTION = YES;
				GCC_WARN_UNUSED_VARIABLE = YES;
				IPHONEOS_DEPLOYMENT_TARGET = 10.3;
				MTL_ENABLE_DEBUG_INFO = YES;
				ONLY_ACTIVE_ARCH = YES;
				SDKROOT = iphoneos;
				SWIFT_ACTIVE_COMPILATION_CONDITIONS = DEBUG;
				SWIFT_OPTIMIZATION_LEVEL = "-Onone";
				TARGETED_DEVICE_FAMILY = "1,2";
			};
			name = Debug;
		};
		424BC3FB1EC48CCF00DFCD88 /* Release */ = {
			isa = XCBuildConfiguration;
			buildSettings = {
				ALWAYS_SEARCH_USER_PATHS = NO;
				CLANG_ANALYZER_NONNULL = YES;
				CLANG_ANALYZER_NUMBER_OBJECT_CONVERSION = YES_AGGRESSIVE;
				CLANG_CXX_LANGUAGE_STANDARD = "gnu++0x";
				CLANG_CXX_LIBRARY = "libc++";
				CLANG_ENABLE_MODULES = YES;
				CLANG_ENABLE_OBJC_ARC = YES;
				CLANG_WARN_BOOL_CONVERSION = YES;
				CLANG_WARN_CONSTANT_CONVERSION = YES;
				CLANG_WARN_DIRECT_OBJC_ISA_USAGE = YES_ERROR;
				CLANG_WARN_DOCUMENTATION_COMMENTS = YES;
				CLANG_WARN_EMPTY_BODY = YES;
				CLANG_WARN_ENUM_CONVERSION = YES;
				CLANG_WARN_INFINITE_RECURSION = YES;
				CLANG_WARN_INT_CONVERSION = YES;
				CLANG_WARN_OBJC_ROOT_CLASS = YES_ERROR;
				CLANG_WARN_SUSPICIOUS_MOVE = YES;
				CLANG_WARN_UNREACHABLE_CODE = YES;
				CLANG_WARN__DUPLICATE_METHOD_MATCH = YES;
				"CODE_SIGN_IDENTITY[sdk=iphoneos*]" = "iPhone Developer";
				COPY_PHASE_STRIP = NO;
				DEBUG_INFORMATION_FORMAT = "dwarf-with-dsym";
				ENABLE_NS_ASSERTIONS = NO;
				ENABLE_STRICT_OBJC_MSGSEND = YES;
				GCC_C_LANGUAGE_STANDARD = gnu99;
				GCC_NO_COMMON_BLOCKS = YES;
				GCC_WARN_64_TO_32_BIT_CONVERSION = YES;
				GCC_WARN_ABOUT_RETURN_TYPE = YES_ERROR;
				GCC_WARN_UNDECLARED_SELECTOR = YES;
				GCC_WARN_UNINITIALIZED_AUTOS = YES_AGGRESSIVE;
				GCC_WARN_UNUSED_FUNCTION = YES;
				GCC_WARN_UNUSED_VARIABLE = YES;
				IPHONEOS_DEPLOYMENT_TARGET = 10.3;
				MTL_ENABLE_DEBUG_INFO = NO;
				SDKROOT = iphoneos;
				SWIFT_OPTIMIZATION_LEVEL = "-Owholemodule";
				TARGETED_DEVICE_FAMILY = "1,2";
				VALIDATE_PRODUCT = YES;
			};
			name = Release;
		};
		424BC3FD1EC48CCF00DFCD88 /* Debug */ = {
			isa = XCBuildConfiguration;
			buildSettings = {
				ASSETCATALOG_COMPILER_APPICON_NAME = AppIcon;
				DEVELOPMENT_TEAM = "";
				INFOPLIST_FILE = WeatherExercise/Info.plist;
				IPHONEOS_DEPLOYMENT_TARGET = 9.0;
				LD_RUNPATH_SEARCH_PATHS = "$(inherited) @executable_path/Frameworks";
				PRODUCT_BUNDLE_IDENTIFIER = com.bringglobal.WeatherExercise;
				PRODUCT_NAME = "$(TARGET_NAME)";
				PROVISIONING_PROFILE_SPECIFIER = "";
				SWIFT_VERSION = 3.0;
			};
			name = Debug;
		};
		424BC3FE1EC48CCF00DFCD88 /* Release */ = {
			isa = XCBuildConfiguration;
			buildSettings = {
				ASSETCATALOG_COMPILER_APPICON_NAME = AppIcon;
				DEVELOPMENT_TEAM = "";
				INFOPLIST_FILE = WeatherExercise/Info.plist;
				IPHONEOS_DEPLOYMENT_TARGET = 9.0;
				LD_RUNPATH_SEARCH_PATHS = "$(inherited) @executable_path/Frameworks";
				PRODUCT_BUNDLE_IDENTIFIER = com.bringglobal.WeatherExercise;
				PRODUCT_NAME = "$(TARGET_NAME)";
				PROVISIONING_PROFILE_SPECIFIER = "";
				SWIFT_VERSION = 3.0;
			};
			name = Release;
		};
		424BC4001EC48CCF00DFCD88 /* Debug */ = {
			isa = XCBuildConfiguration;
			buildSettings = {
				ALWAYS_EMBED_SWIFT_STANDARD_LIBRARIES = YES;
				BUNDLE_LOADER = "$(TEST_HOST)";
				INFOPLIST_FILE = WeatherExerciseTests/Info.plist;
				LD_RUNPATH_SEARCH_PATHS = "$(inherited) @executable_path/Frameworks @loader_path/Frameworks";
				PRODUCT_BUNDLE_IDENTIFIER = com.bringglobal.WeatherExerciseTests;
				PRODUCT_NAME = "$(TARGET_NAME)";
				SWIFT_VERSION = 3.0;
				TEST_HOST = "$(BUILT_PRODUCTS_DIR)/WeatherExercise.app/WeatherExercise";
			};
			name = Debug;
		};
		424BC4011EC48CCF00DFCD88 /* Release */ = {
			isa = XCBuildConfiguration;
			buildSettings = {
				ALWAYS_EMBED_SWIFT_STANDARD_LIBRARIES = YES;
				BUNDLE_LOADER = "$(TEST_HOST)";
				INFOPLIST_FILE = WeatherExerciseTests/Info.plist;
				LD_RUNPATH_SEARCH_PATHS = "$(inherited) @executable_path/Frameworks @loader_path/Frameworks";
				PRODUCT_BUNDLE_IDENTIFIER = com.bringglobal.WeatherExerciseTests;
				PRODUCT_NAME = "$(TARGET_NAME)";
				SWIFT_VERSION = 3.0;
				TEST_HOST = "$(BUILT_PRODUCTS_DIR)/WeatherExercise.app/WeatherExercise";
			};
			name = Release;
		};
/* End XCBuildConfiguration section */

/* Begin XCConfigurationList section */
		424BC3DA1EC48CCE00DFCD88 /* Build configuration list for PBXProject "WeatherExercise" */ = {
			isa = XCConfigurationList;
			buildConfigurations = (
				424BC3FA1EC48CCF00DFCD88 /* Debug */,
				424BC3FB1EC48CCF00DFCD88 /* Release */,
			);
			defaultConfigurationIsVisible = 0;
			defaultConfigurationName = Release;
		};
		424BC3FC1EC48CCF00DFCD88 /* Build configuration list for PBXNativeTarget "WeatherExercise" */ = {
			isa = XCConfigurationList;
			buildConfigurations = (
				424BC3FD1EC48CCF00DFCD88 /* Debug */,
				424BC3FE1EC48CCF00DFCD88 /* Release */,
			);
			defaultConfigurationIsVisible = 0;
			defaultConfigurationName = Release;
		};
		424BC3FF1EC48CCF00DFCD88 /* Build configuration list for PBXNativeTarget "WeatherExerciseTests" */ = {
			isa = XCConfigurationList;
			buildConfigurations = (
				424BC4001EC48CCF00DFCD88 /* Debug */,
				424BC4011EC48CCF00DFCD88 /* Release */,
			);
			defaultConfigurationIsVisible = 0;
			defaultConfigurationName = Release;
		};
/* End XCConfigurationList section */
	};
	rootObject = 424BC3D71EC48CCE00DFCD88 /* Project object */;
}
